github.com/fatih/color v1.18.0 h1:S8gINlzdQ840/4pfAwic/ZE0djQEH3wM94VfqLTZcOM=
github.com/fatih/color v1.18.0/go.mod h1:4FelSpRwEGDpQ12mAdzqdOukCy4u8WUtOY6lkT/6HfU=
github.com/fatih/color v1.19.0 h1:Zp3PiM21/9Ld6FzSKyL5c/BULoe/ONr9KlbYVOfG8+w=
github.com/fatih/color v1.19.0/go.mod h1:zNk67I0ZUT1bEGsSGyCZYZNrHuTkJJB+r6Q9VuMi0LE=
github.com/fbaube/ctoken v0.0.0-20250202175820-4a3ade2fbe7c h1:CW59NxVcufEIOMVTJK+K6TP09JoF2bBSRWKQkbMFVx0=
github.com/fbaube/ctoken v0.0.0-20250202175820-4a3ade2fbe7c/go.mod h1:+lvrpVCRvrEUgNq+6Dw+Ni2slNMjfxLnmyofOwxO37k=
github.com/fbaube/ctoken v0.0.0-20251106121702-333021124221 h1:7c4QGJmjCuUSaLUjlLPq15TRxz16832sH9+Mjxcs9lE=
github.com/fbaube/ctoken v0.0.0-20251106121702-333021124221/go.mod h1:xoci0RjipFQZ+DSVQwyaDlXDNmzrbCPJaePltp2JP7g=
github.com/fbaube/dsmnd v0.0.0-20250305202727-066656bb5c6a h1:Ga5+MjNXpy2oZ5Yhf74mrHrBZDfIJYFVlbAXXhQNLVc=
github.com/fbaube/dsmnd v0.0.0-20250305202727-066656bb5c6a/go.mod h1:YVvG9X9nrUoOtk9DEkyyk6/0vdfNcDYHNWgBwGHbcUE=
github.com/fbaube/dsmnd v0.0.0-20250421183122-a8998ca05628 h1:lpDjqXN41mxdI5zZkDuedorU4ZmgjwpmCcT3G3TjIXc=
github.com/fbaube/dsmnd v0.0.0-20250421183122-a8998ca05628/go.mod h1:YVvG9X9nrUoOtk9DEkyyk6/0vdfNcDYHNWgBwGHbcUE=
github.com/fbaube/dsmnd v0.0.0-20260423181020-c1c848686981 h1:ooGmu92rfyjEN2dOC67QmiwdV7EWyE/hj4fsCOkSNxc=
github.com/fbaube/dsmnd v0.0.0-20260423181020-c1c848686981/go.mod h1:YVvG9X9nrUoOtk9DEkyyk6/0vdfNcDYHNWgBwGHbcUE=
github.com/fbaube/fileutils v0.0.0-20250203130830-629d4e4bc31b h1:NSTA2UyGhWF58qa619OscBuYZKckRcYYntOVMrnDm4M=
github.com/fbaube/fileutils v0.0.0-20250203130830-629d4e4bc31b/go.mod h1:LgFk9hrlp5oNfhdUi6BA8sQo41AVA+G5y608Jai0Alw=
github.com/fbaube/fileutils v0.0.0-20250417165157-07992a869533 h1:f0WzmoJGuAWPlVxmh+CpXdzv1dOOafXJU5a/jjDTVrQ=
github.com/fbaube/fileutils v0.0.0-20250417165157-07992a869533/go.mod h1:AfiEufgr+6aIn+3qQZX7t6wAMAlpTLMBtQ9Ugqppzws=
github.com/fbaube/fileutils v0.0.0-20250421105025-accbd6796679 h1:Yld2wiQeYhmxp2lr0nZSLRXfN+QoAJuWPaS8WW6DDC8=
github.com/fbaube/fileutils v0.0.0-20250421105025-accbd6796679/go.mod h1:3+TKMaiat+4l2dRxxueTh32ZvNS06M4HtfEwPbxDL0U=
github.com/fbaube/fileutils v0.0.0-20250429104741-ba243b363f14 h1:sis5tHPBsIe0Toa+lejI/W0hzCA0iTr0N//4WA2VBdM=
github.com/fbaube/fileutils v0.0.0-20250429104741-ba243b363f14/go.mod h1:3+TKMaiat+4l2dRxxueTh32ZvNS06M4HtfEwPbxDL0U=
github.com/fbaube/fileutils v0.0.0-20250429193431-7d7250c3165f h1:042pzMBg4jnyp/WIYih0FoGAmX5O0XnrrIP3x3uuyqk=
github.com/fbaube/fileutils v0.0.0-20250429193431-7d7250c3165f/go.mod h1:NiwCHoM7JdbVm6lE3zG8x5yUKIJzuYEX1ftpIgCGo6g=
github.com/fbaube/fileutils v0.0.0-20251106121826-b7c182e39c7e h1:e06sB+wD4lmTBXKDpcjq6me6e6RYQNWMzzqU8n8FBSE=
github.com/fbaube/fileutils v0.0.0-20251106121826-b7c182e39c7e/go.mod h1:1qNM7gadNepn1ILbkJrwj6RHEW4jq+pLIUmpLdCRZ9k=
github.com/fbaube/fileutils v0.0.0-20251130113018-ca967415a31e h1:SF1p3Jqf+hRdYOFUj2eJVbJY5g9RAre4mEAsbjH1DsY=
github.com/fbaube/fileutils v0.0.0-20251130113018-ca967415a31e/go.mod h1:eojuX+ViHcD+c8LRlQ+vFAe7pkY9SgXHUV1W+wUc1lk=
github.com/fbaube/fileutils v0.0.0-20260504162612-d768804ead82 h1:tS9boFC4Tc78RqkAlr7FbzthBmZQZJTkgGNX4NkBeyM=
github.com/fbaube/fileutils v0.0.0-20260504162612-d768804ead82/go.mod h1:45uM3GxKr8hzE4oMdh+LqgdnyRMQR1jrJ54m8lBcRkU=
github.com/fbaube/fileutils v0.0.0-20260508165924-0775e892866d h1:+g1gGl2VtQ1EtASlpeCPBIpWg8V7A+mbhdF2nvKBwkI=
github.com/fbaube/fileutils v0.0.0-20260508165924-0775e892866d/go.mod h1:wa8+osGHHT64XwOwTBgCIvVZP5R7xW2Yf8aUx9d1pw4=
github.com/fbaube/fileutils v0.0.0-20260517055322-b852341d926f h1:Lfi1d1aazxUo24VRorOpsKuBDPqc6FH422Ew1E1qoc8=
github.com/fbaube/fileutils v0.0.0-20260517055322-b852341d926f/go.mod h1:M2B1LVCoEseM+KxP2ebqN5Y1heZf9btVfgmqnSUoWKU=
github.com/fbaube/fileutils v0.0.0-20260519121518-d3a3ed720974 h1:YpMlxI1ToN8A+gWZ+qBNAfdnn6CwHR0m5Rf+O8btqws=
github.com/fbaube/fileutils v0.0.0-20260519121518-d3a3ed720974/go.mod h1:M2B1LVCoEseM+KxP2ebqN5Y1heZf9btVfgmqnSUoWKU=
github.com/fbaube/humanbytes v0.0.0-20250119091546-d58fbfdd444c h1:k6VDhhlL+FI8nrBAwQDoXyPEKN+MuOtSMaDJfzwnA7E=
github.com/fbaube/humanbytes v0.0.0-20250119091546-d58fbfdd444c/go.mod h1:WUS3tn4t+FViNsl4VOqYiV51cJNIIeMjLI9fOfm+Ug8=
github.com/fbaube/logutils v0.0.0-20250316184850-0569e5bc6b6d h1:hH8uBNU6Vasxh9Pf3bzNdA+JFAtckHavpQf+kpmvHC8=
github.com/fbaube/logutils v0.0.0-20250316184850-0569e5bc6b6d/go.mod h1:Ulyk3vIjQ5L/NqJ9wmTMawBjqzAOvCs1jxF5iV3tS1w=
github.com/fbaube/miscutils v0.0.0-20250126181629-6a2fa9af43b7 h1:7EDgdU9hotwYEf5Bx7w4I6SNm/rwOx88siLiD0o+xl8=
github.com/fbaube/miscutils v0.0.0-20250126181629-6a2fa9af43b7/go.mod h1:v32q0zwZh3Ft6WFuIdeLPwPgOAIy5h0AAPoJRi9DF6k=
github.com/fbaube/mlog v0.0.0-20240425064535-3b89e3b28a76 h1:C1SjY+GWMR1smUZqspWm52AYfDq30fIjRzmy+ar+a8M=
github.com/fbaube/mlog v0.0.0-20240425064535-3b89e3b28a76/go.mod h1:kmnrjIOIydIQG0XoPcMoQ9XYJmVTt9fOByMvkDiDBTo=
github.com/fbaube/stringutils v0.0.0-20250203130909-339670f598f3 h1:VeDGCblQIgVobkxZhqbia0c/69cVAPDAOvPHd0KwFNQ=
github.com/fbaube/stringutils v0.0.0-20250203130909-339670f598f3/go.mod h1:MZuZ4zwqF11rWH4irSvbyLLcc2+Y0H+HtZ+v8fT1/ks=
github.com/fbaube/stringutils v0.0.0-20250417165306-e5b66aefb1de h1:i/dLaGMDAff1C0DhG6cRyKApLmBcmnnOUzYPgaiACrg=
github.com/fbaube/stringutils v0.0.0-20250417165306-e5b66aefb1de/go.mod h1:23XBmUid2pwSbvao4B7R1hkkS8+mq/cmP+/YNcCIYoQ=
github.com/fbaube/stringutils v0.0.0-20251106122040-c8ebb25842c6 h1:I2AJ9EJggNttH7BX+9xMxUO3+sooYg+meRPVc3ym3mw=
github.com/fbaube/stringutils v0.0.0-20251106122040-c8ebb25842c6/go.mod h1:Ia7X1IPXu19u8ApuIEgPdQo/TmuLQtq1H3fhO4Qv59Q=
github.com/fbaube/stringutils v0.0.0-20251201154235-ad2e563d9cda h1:uQfCIFb1v20byONoe7iWNqVOu6tuDmOLZDtTghjP7YI=
github.com/fbaube/stringutils v0.0.0-20251201154235-ad2e563d9cda/go.mod h1:prND58zPOTp1HSQ59bQl4w239JV0KNPYQZnNDRu5gjk=
github.com/fbaube/stringutils v0.0.0-20260511123541-ab996b555f8d h1:aVchLvgOjt7ZkT4xOyl0BwOOI298EORLsu1W9hYqRdY=
github.com/fbaube/stringutils v0.0.0-20260511123541-ab996b555f8d/go.mod h1:prND58zPOTp1HSQ59bQl4w239JV0KNPYQZnNDRu5gjk=
github.com/fbaube/wasmutils v0.0.0-20250302100751-c3d5b233f416 h1:aAunDb/adVCdAiZ40cUSnDLqjMQkZQF7AgAqbA1PIB0=
github.com/fbaube/wasmutils v0.0.0-20250302100751-c3d5b233f416/go.mod h1:Yv24ab7DbaTunolfMWqQVI0g8yCNFu8y5IHxLbwZ0ZE=
github.com/fbaube/wasmutils v0.0.0-20251129222829-80044fd986ff h1:HzGot5LeI+ls9FEXSoGEKF8YnJ+ajVFvgysHI+zPoP0=
github.com/fbaube/wasmutils v0.0.0-20251129222829-80044fd986ff/go.mod h1:0toxIvnxI8IGqg8bRnvbHiVCWlplqXAlrbGNrmCgtMA=
github.com/mattn/go-colorable v0.1.14 h1:9A9LHSqF/7dyVVX6g0U9cwm9pG3kP9gSzcuIPHPsaIE=
github.com/mattn/go-colorable v0.1.14/go.mod h1:6LmQG8QLFO4G5z1gPvYEzlUgJ2wF+stgPZH1UqBm1s8=
github.com/mattn/go-isatty v0.0.20 h1:xfD0iDuEKnDkl03q4limB+vH+GxLEtL/jb4xVJSWWEY=
github.com/mattn/go-isatty v0.0.20/go.mod h1:W+V8PltTTMOvKvAeJH7IuucS94S2C6jfK/D7dTCTo3Y=
github.com/mattn/go-isatty v0.0.21 h1:xYae+lCNBP7QuW4PUnNG61ffM4hVIfm+zUzDuSzYLGs=
github.com/mattn/go-isatty v0.0.21/go.mod h1:ZXfXG4SQHsB/w3ZeOYbR0PrPwLy+n6xiMrJlRFqopa4=
github.com/mattn/go-isatty v0.0.22 h1:j8l17JJ9i6VGPUFUYoTUKPSgKe/83EYU2zBC7YNKMw4=
github.com/mattn/go-isatty v0.0.22/go.mod h1:ZXfXG4SQHsB/w3ZeOYbR0PrPwLy+n6xiMrJlRFqopa4=
github.com/mattn/go-sqlite3 v1.14.25 h1:rszkIulEvxqZ8JfFG4yWEZh5u9qAKeSOdea67p8kk6s=
github.com/mattn/go-sqlite3 v1.14.25/go.mod h1:Uh1q+B4BYcTPb+yiD3kU8Ct7aC0hY9fxUwlHK0RXw+Y=
github.com/mattn/go-sqlite3 v1.14.27 h1:drZCnuvf37yPfs95E5jd9s3XhdVWLal+6BOK6qrv6IU=
github.com/mattn/go-sqlite3 v1.14.27/go.mod h1:Uh1q+B4BYcTPb+yiD3kU8Ct7aC0hY9fxUwlHK0RXw+Y=
github.com/mattn/go-sqlite3 v1.14.28 h1:ThEiQrnbtumT+QMknw63Befp/ce/nUPgBPMlRFEum7A=
github.com/mattn/go-sqlite3 v1.14.28/go.mod h1:Uh1q+B4BYcTPb+yiD3kU8Ct7aC0hY9fxUwlHK0RXw+Y=
github.com/mattn/go-sqlite3 v1.14.30 h1:bVreufq3EAIG1Quvws73du3/QgdeZ3myglJlrzSYYCY=
github.com/mattn/go-sqlite3 v1.14.30/go.mod h1:Uh1q+B4BYcTPb+yiD3kU8Ct7aC0hY9fxUwlHK0RXw+Y=
github.com/mattn/go-sqlite3 v1.14.31 h1:ldt6ghyPJsokUIlksH63gWZkG6qVGeEAu4zLeS4aVZM=
github.com/mattn/go-sqlite3 v1.14.31/go.mod h1:Uh1q+B4BYcTPb+yiD3kU8Ct7aC0hY9fxUwlHK0RXw+Y=
github.com/mattn/go-sqlite3 v1.14.32 h1:JD12Ag3oLy1zQA+BNn74xRgaBbdhbNIDYvQUEuuErjs=
github.com/mattn/go-sqlite3 v1.14.32/go.mod h1:Uh1q+B4BYcTPb+yiD3kU8Ct7aC0hY9fxUwlHK0RXw+Y=
github.com/mattn/go-sqlite3 v1.14.42 h1:MigqEP4ZmHw3aIdIT7T+9TLa90Z6smwcthx+Azv4Cgo=
github.com/mattn/go-sqlite3 v1.14.42/go.mod h1:pjEuOr8IwzLJP2MfGeTb0A35jauH+C2kbHKBr7yXKVQ=
github.com/mattn/go-sqlite3 v1.14.44 h1:3VSe+xafpbzsLbdr2AWlAZk9yRHiBhTBakioXaCKTF8=
github.com/mattn/go-sqlite3 v1.14.44/go.mod h1:pjEuOr8IwzLJP2MfGeTb0A35jauH+C2kbHKBr7yXKVQ=
github.com/mgutz/str v1.2.0 h1:4IzWSdIz9qPQWLfKZ0rJcV0jcUDpxvP4JVZ4GXQyvSw=
github.com/mgutz/str v1.2.0/go.mod h1:w1v0ofgLaJdoD0HpQ3fycxKD1WtxpjSo151pK/31q6w=
github.com/nbio/xml v0.0.0-20250325194151-57e639e7ba73 h1:o1HTlXdvQh7de4yww6jhJb+mADPlPLM1TYkPd4VtgDg=
github.com/nbio/xml v0.0.0-20250325194151-57e639e7ba73/go.mod h1:990JnYmJZFrx1vI1TALoD6/fCqnWlTx2FrPbYy2wi5I=
github.com/nbio/xml v0.0.0-20250513004134-43b6474001b5 h1:MktXAYjv6S/vumzlATGeh7ebycYD4YMv7Hg6iDF6RIc=
github.com/nbio/xml v0.0.0-20250513004134-43b6474001b5/go.mod h1:990JnYmJZFrx1vI1TALoD6/fCqnWlTx2FrPbYy2wi5I=
github.com/nbio/xml v0.0.0-20250818163314-26f233ebe138 h1:Hs9PocIn37EqWvqU1LypeGltKAGFp5QwWuLZOiuNg5g=
github.com/nbio/xml v0.0.0-20250818163314-26f233ebe138/go.mod h1:990JnYmJZFrx1vI1TALoD6/fCqnWlTx2FrPbYy2wi5I=
github.com/nbio/xml v0.0.0-20251016084110-a619c1115f34 h1:nl44SgZciAoU7v6eR0aDoHlyIueb2wGF1QqgsEfTyeI=
github.com/nbio/xml v0.0.0-20251016084110-a619c1115f34/go.mod h1:990JnYmJZFrx1vI1TALoD6/fCqnWlTx2FrPbYy2wi5I=
github.com/nbio/xml v0.0.0-20260302224236-9f64bb3b5a9e h1:OMgr90nBmSVKJNpeowtWtslirStf06ym4oipqYQo7xE=
github.com/nbio/xml v0.0.0-20260302224236-9f64bb3b5a9e/go.mod h1:990JnYmJZFrx1vI1TALoD6/fCqnWlTx2FrPbYy2wi5I=
golang.org/x/exp v0.0.0-20250305212735-054e65f0b394 h1:nDVHiLt8aIbd/VzvPWN6kSOPE7+F/fNFDSXLVYkE/Iw=
golang.org/x/exp v0.0.0-20250305212735-054e65f0b394/go.mod h1:sIifuuw/Yco/y6yb6+bDNfyeQ/MdPUy/hKEMYQV17cM=
golang.org/x/exp v0.0.0-20250408133849-7e4ce0ab07d0 h1:R84qjqJb5nVJMxqWYb3np9L5ZsaDtB+a39EqjV0JSUM=
golang.org/x/exp v0.0.0-20250408133849-7e4ce0ab07d0/go.mod h1:S9Xr4PYopiDyqSyp5NjCrhFrqg6A5zA2E/iPHPhqnS8=
golang.org/x/exp v0.0.0-20250718183923-645b1fa84792 h1:R9PFI6EUdfVKgwKjZef7QIwGcBKu86OEFpJ9nUEP2l4=
golang.org/x/exp v0.0.0-20250718183923-645b1fa84792/go.mod h1:A+z0yzpGtvnG90cToK5n2tu8UJVP2XUATh+r+sfOOOc=
golang.org/x/exp v0.0.0-20250808145144-a408d31f581a h1:Y+7uR/b1Mw2iSXZ3G//1haIiSElDQZ8KWh0h+sZPG90=
golang.org/x/exp v0.0.0-20250808145144-a408d31f581a/go.mod h1:rT6SFzZ7oxADUDx58pcaKFTcZ+inxAa9fTrYx/uVYwg=
golang.org/x/exp v0.0.0-20250811191247-51f88131bc50 h1:3yiSh9fhy5/RhCSntf4Sy0Tnx50DmMpQ4MQdKKk4yg4=
golang.org/x/exp v0.0.0-20250811191247-51f88131bc50/go.mod h1:rT6SFzZ7oxADUDx58pcaKFTcZ+inxAa9fTrYx/uVYwg=
golang.org/x/exp v0.0.0-20250819193227-8b4c13bb791b h1:DXr+pvt3nC887026GRP39Ej11UATqWDmWuS99x26cD0=
golang.org/x/exp v0.0.0-20250819193227-8b4c13bb791b/go.mod h1:4QTo5u+SEIbbKW1RacMZq1YEfOBqeXa19JeshGi+zc4=
golang.org/x/exp v0.0.0-20251023183803-a4bb9ffd2546 h1:mgKeJMpvi0yx/sU5GsxQ7p6s2wtOnGAHZWCHUM4KGzY=
golang.org/x/exp v0.0.0-20251023183803-a4bb9ffd2546/go.mod h1:j/pmGrbnkbPtQfxEe5D0VQhZC6qKbfKifgD0oM7sR70=
golang.org/x/exp v0.0.0-20260410095643-746e56fc9e2f h1:W3F4c+6OLc6H2lb//N1q4WpJkhzJCK5J6kUi1NTVXfM=
golang.org/x/exp v0.0.0-20260410095643-746e56fc9e2f/go.mod h1:J1xhfL/vlindoeF/aINzNzt2Bket5bjo9sdOYzOsU80=
golang.org/x/exp v0.0.0-20260508232706-74f9aab9d74a h1:+3jdDGGB8NGb1Zktc737jlt3/A5f6UlwSzmvqUuufxw=
golang.org/x/exp v0.0.0-20260508232706-74f9aab9d74a/go.mod h1:d2fgXJLVs4dYDHUk5lwMIfzRzSrWCfGZb0ZqeLa/Vcw=
golang.org/x/sys v0.6.0/go.mod h1:oPkhp1MJrh7nUepCBck5+mAzfO9JrbApNNgaTdGDITg=
golang.org/x/sys v0.31.0 h1:ioabZlmFYtWhL+TRYpcnNlLwhyxaM9kWTDEmfnprqik=
golang.org/x/sys v0.31.0/go.mod h1:BJP2sWEmIv4KK5OTEluFJCKSidICx8ciO85XgH3Ak8k=
golang.org/x/sys v0.32.0 h1:s77OFDvIQeibCmezSnk/q6iAfkdiQaJi4VzroCFrN20=
golang.org/x/sys v0.32.0/go.mod h1:BJP2sWEmIv4KK5OTEluFJCKSidICx8ciO85XgH3Ak8k=
golang.org/x/sys v0.34.0 h1:H5Y5sJ2L2JRdyv7ROF1he/lPdvFsd0mJHFw2ThKHxLA=
golang.org/x/sys v0.34.0/go.mod h1:BJP2sWEmIv4KK5OTEluFJCKSidICx8ciO85XgH3Ak8k=
golang.org/x/sys v0.35.0 h1:vz1N37gP5bs89s7He8XuIYXpyY0+QlsKmzipCbUtyxI=
golang.org/x/sys v0.35.0/go.mod h1:BJP2sWEmIv4KK5OTEluFJCKSidICx8ciO85XgH3Ak8k=
golang.org/x/sys v0.37.0 h1:fdNQudmxPjkdUTPnLn5mdQv7Zwvbvpaxqs831goi9kQ=
golang.org/x/sys v0.37.0/go.mod h1:OgkHotnGiDImocRcuBABYBEXf8A9a87e/uXjp9XT3ks=
golang.org/x/sys v0.43.0 h1:Rlag2XtaFTxp19wS8MXlJwTvoh8ArU6ezoyFsMyCTNI=
golang.org/x/sys v0.43.0/go.mod h1:4GL1E5IUh+htKOUEOaiffhrAeqysfVGipDYzABqnCmw=
golang.org/x/sys v0.44.0 h1:ildZl3J4uzeKP07r2F++Op7E9B29JRUy+a27EibtBTQ=
golang.org/x/sys v0.44.0/go.mod h1:4GL1E5IUh+htKOUEOaiffhrAeqysfVGipDYzABqnCmw=
golang.org/x/sys v0.45.0 h1:dO4czNzziLiiXplLQgBCEpCvXQ3dnkn0SdaZSYdQ+FY=
golang.org/x/sys v0.45.0/go.mod h1:4GL1E5IUh+htKOUEOaiffhrAeqysfVGipDYzABqnCmw=
gopkg.in/check.v1 v0.0.0-20161208181325-20d25e280405 h1:yhCVgyC4o1eVCa2tZl7eS0r+SDo693bJlVdllGtEeKM=
gopkg.in/check.v1 v0.0.0-20161208181325-20d25e280405/go.mod h1:Co6ibVJAznAaIkqp8huTwlJQCZ016jof/cbN4VW5Yz0=
gopkg.in/yaml.v2 v2.4.0 h1:D8xgwECY7CYvx+Y2n4sBz93Jn9JRvxdiyyo8CTfuKaY=
gopkg.in/yaml.v2 v2.4.0/go.mod h1:RDklbk79AGWmwhnvt/jBztapEOGDOx6ZbXqjP6csGnQ=
